
Microsoft Visual Studio Solution File, Format Version 12.00
# Visual Studio Version 17
VisualStudioVersion = 17.0.32112.339
MinimumVisualStudioVersion = 10.0.40219.1
Project("{FAE04EC0-301F-11D3-BF4B-00C04F79EFBC}") = "ProjectJobs.Android", "ProjectJobs.Android\ProjectJobs.Android.csproj", "{259048A8-6199-4B1A-89AF-7EF1E42B06F1}"
EndProject
Project("{FAE04EC0-301F-11D3-BF4B-00C04F79EFBC}") = "ProjectJobs.iOS", "ProjectJobs.iOS\ProjectJobs.iOS.csproj", "{17EA9AED-51E5-402F-B503-3DD8B714CFDA}"
EndProject
Project("{FAE04EC0-301F-11D3-BF4B-00C04F79EFBC}") = "ProjectJobs", "ProjectJobs\ProjectJobs.csproj", "{895A3B52-58AF-4B6F-9FAC-1CF5424EDDD5}"
EndProject
Global
	GlobalSection(SolutionConfigurationPlatforms) = preSolution
		Debug|Any CPU = Debug|Any CPU
		Debug|iPhone = Debug|iPhone
		Debug|iPhoneSimulator = Debug|iPhoneSimulator
		Release|Any CPU = Release|Any CPU
		Release|iPhone = Release|iPhone
		Release|iPhoneSimulator = Release|iPhoneSimulator
	EndGlobalSection
	GlobalSection(ProjectConfigurationPlatforms) = postSolution
		{259048A8-6199-4B1A-89AF-7EF1E42B06F1}.Debug|Any CPU.ActiveCfg = Debug|Any CPU
		{259048A8-6199-4B1A-89AF-7EF1E42B06F1}.Debug|Any CPU.Build.0 = Debug|Any CPU
		{259048A8-6199-4B1A-89AF-7EF1E42B06F1}.Debug|Any CPU.Deploy.0 = Debug|Any CPU
		{259048A8-6199-4B1A-89AF-7EF1E42B06F1}.Debug|iPhone.ActiveCfg = Debug|Any CPU
		{259048A8-6199-4B1A-89AF-7EF1E42B06F1}.Debug|iPhone.Build.0 = Debug|Any CPU
		{259048A8-6199-4B1A-89AF-7EF1E42B06F1}.Debug|iPhone.Deploy.0 = Debug|Any CPU
		{259048A8-6199-4B1A-89AF-7EF1E42B06F1}.Debug|iPhoneSimulator.ActiveCfg = Debug|Any CPU
		{259048A8-6199-4B1A-89AF-7EF1E42B06F1}.Debug|iPhoneSimulator.Build.0 = Debug|Any CPU
		{259048A8-6199-4B1A-89AF-7EF1E42B06F1}.Debug|iPhoneSimulator.Deploy.0 = Debug|Any CPU
		{259048A8-6199-4B1A-89AF-7EF1E42B06F1}.Release|Any CPU.ActiveCfg = Release|Any CPU
		{259048A8-6199-4B1A-89AF-7EF1E42B06F1}.Release|Any CPU.Build.0 = Release|Any CPU
		{259048A8-6199-4B1A-89AF-7EF1E42B06F1}.Release|Any CPU.Deploy.0 = Release|Any CPU
		{259048A8-6199-4B1A-89AF-7EF1E42B06F1}.Release|iPhone.ActiveCfg = Release|Any CPU
		{259048A8-6199-4B1A-89AF-7EF1E42B06F1}.Release|iPhone.Build.0 = Release|Any CPU
		{259048A8-6199-4B1A-89AF-7EF1E42B06F1}.Release|iPhone.Deploy.0 = Release|Any CPU
		{259048A8-6199-4B1A-89AF-7EF1E42B06F1}.Release|iPhoneSimulator.ActiveCfg = Release|Any CPU
		{259048A8-6199-4B1A-89AF-7EF1E42B06F1}.Release|iPhoneSimulator.Build.0 = Release|Any CPU
		{259048A8-6199-4B1A-89AF-7EF1E42B06F1}.Release|iPhoneSimulator.Deploy.0 = Release|Any CPU
		{17EA9AED-51E5-402F-B503-3DD8B714CFDA}.Debug|Any CPU.ActiveCfg = Debug|iPhone
		{17EA9AED-51E5-402F-B503-3DD8B714CFDA}.Debug|Any CPU.Build.0 = Debug|iPhone
		{17EA9AED-51E5-402F-B503-3DD8B714CFDA}.Debug|Any CPU.Deploy.0 = Debug|iPhone
		{17EA9AED-51E5-402F-B503-3DD8B714CFDA}.Debug|iPhone.ActiveCfg = Debug|iPhone
		{17EA9AED-51E5-402F-B503-3DD8B714CFDA}.Debug|iPhone.Build.0 = Debug|iPhone
		{17EA9AED-51E5-402F-B503-3DD8B714CFDA}.Debug|iPhone.Deploy.0 = Debug|iPhone
		{17EA9AED-51E5-402F-B503-3DD8B714CFDA}.Debug|iPhoneSimulator.ActiveCfg = Debug|iPhoneSimulator
		{17EA9AED-51E5-402F-B503-3DD8B714CFDA}.Debug|iPhoneSimulator.Build.0 = Debug|iPhoneSimulator
		{17EA9AED-51E5-402F-B503-3DD8B714CFDA}.Debug|iPhoneSimulator.Deploy.0 = Debug|iPhoneSimulator
		{17EA9AED-51E5-402F-B503-3DD8B714CFDA}.Release|Any CPU.ActiveCfg = Release|iPhoneSimulator
		{17EA9AED-51E5-402F-B503-3DD8B714CFDA}.Release|Any CPU.Build.0 = Release|iPhoneSimulator
		{17EA9AED-51E5-402F-B503-3DD8B714CFDA}.Release|Any CPU.Deploy.0 = Release|iPhoneSimulator
		{17EA9AED-51E5-402F-B503-3DD8B714CFDA}.Release|iPhone.ActiveCfg = Release|iPhone
		{17EA9AED-51E5-402F-B503-3DD8B714CFDA}.Release|iPhone.Build.0 = Release|iPhone
		{17EA9AED-51E5-402F-B503-3DD8B714CFDA}.Release|iPhone.Deploy.0 = Release|iPhone
		{17EA9AED-51E5-402F-B503-3DD8B714CFDA}.Release|iPhoneSimulator.ActiveCfg = Release|iPhoneSimulator
		{17EA9AED-51E5-402F-B503-3DD8B714CFDA}.Release|iPhoneSimulator.Build.0 = Release|iPhoneSimulator
		{17EA9AED-51E5-402F-B503-3DD8B714CFDA}.Release|iPhoneSimulator.Deploy.0 = Release|iPhoneSimulator
		{895A3B52-58AF-4B6F-9FAC-1CF5424EDDD5}.Debug|Any CPU.ActiveCfg = Debug|Any CPU
		{895A3B52-58AF-4B6F-9FAC-1CF5424EDDD5}.Debug|Any CPU.Build.0 = Debug|Any CPU
		{895A3B52-58AF-4B6F-9FAC-1CF5424EDDD5}.Debug|Any CPU.Deploy.0 = Debug|Any CPU
		{895A3B52-58AF-4B6F-9FAC-1CF5424EDDD5}.Debug|iPhone.ActiveCfg = Debug|Any CPU
		{895A3B52-58AF-4B6F-9FAC-1CF5424EDDD5}.Debug|iPhone.Build.0 = Debug|Any CPU
		{895A3B52-58AF-4B6F-9FAC-1CF5424EDDD5}.Debug|iPhone.Deploy.0 = Debug|Any CPU
		{895A3B52-58AF-4B6F-9FAC-1CF5424EDDD5}.Debug|iPhoneSimulator.ActiveCfg = Debug|Any CPU
		{895A3B52-58AF-4B6F-9FAC-1CF5424EDDD5}.Debug|iPhoneSimulator.Build.0 = Debug|Any CPU
		{895A3B52-58AF-4B6F-9FAC-1CF5424EDDD5}.Debug|iPhoneSimulator.Deploy.0 = Debug|Any CPU
		{895A3B52-58AF-4B6F-9FAC-1CF5424EDDD5}.Release|Any CPU.ActiveCfg = Release|Any CPU
		{895A3B52-58AF-4B6F-9FAC-1CF5424EDDD5}.Release|Any CPU.Build.0 = Release|Any CPU
		{895A3B52-58AF-4B6F-9FAC-1CF5424EDDD5}.Release|Any CPU.Deploy.0 = Release|Any CPU
		{895A3B52-58AF-4B6F-9FAC-1CF5424EDDD5}.Release|iPhone.ActiveCfg = Release|Any CPU
		{895A3B52-58AF-4B6F-9FAC-1CF5424EDDD5}.Release|iPhone.Build.0 = Release|Any CPU
		{895A3B52-58AF-4B6F-9FAC-1CF5424EDDD5}.Release|iPhone.Deploy.0 = Release|Any CPU
		{895A3B52-58AF-4B6F-9FAC-1CF5424EDDD5}.Release|iPhoneSimulator.ActiveCfg = Release|Any CPU
		{895A3B52-58AF-4B6F-9FAC-1CF5424EDDD5}.Release|iPhoneSimulator.Build.0 = Release|Any CPU
		{895A3B52-58AF-4B6F-9FAC-1CF5424EDDD5}.Release|iPhoneSimulator.Deploy.0 = Release|Any CPU
	EndGlobalSection
	GlobalSection(SolutionProperties) = preSolution
		HideSolutionNode = FALSE
	EndGlobalSection
	GlobalSection(ExtensibilityGlobals) = postSolution
		SolutionGuid = {69B4A32D-7273-4B73-844A-0CCF4D0C23AE}
	EndGlobalSection
EndGlobal
